
Microsoft Visual Studio Solution File, Format Version 12.00
# Visual Studio 15
VisualStudioVersion = 15.0.28307.757
MinimumVisualStudioVersion = 10.0.40219.1
Project("{FAE04EC0-301F-11D3-BF4B-00C04F79EFBC}") = "SongBookApp", "SongBookApp\SongBookApp.csproj", "{FB00B271-4BBF-4E2B-9436-F71F2B25A41C}"
EndProject
Project("{54435603-DBB4-11D2-8724-00A0C9A8B90C}") = "SongBookAppSetup", "SongBookAppSetup\SongBookAppSetup.vdproj", "{E4798C03-4C1B-4165-AF5A-FC065DC62CB1}"
EndProject
Global
	GlobalSection(SolutionConfigurationPlatforms) = preSolution
		Debug|Any CPU = Debug|Any CPU
		Release|Any CPU = Release|Any CPU
	EndGlobalSection
	GlobalSection(ProjectConfigurationPlatforms) = postSolution
		{FB00B271-4BBF-4E2B-9436-F71F2B25A41C}.Debug|Any CPU.ActiveCfg = Debug|Any CPU
		{FB00B271-4BBF-4E2B-9436-F71F2B25A41C}.Debug|Any CPU.Build.0 = Debug|Any CPU
		{FB00B271-4BBF-4E2B-9436-F71F2B25A41C}.Release|Any CPU.ActiveCfg = Release|Any CPU
		{FB00B271-4BBF-4E2B-9436-F71F2B25A41C}.Release|Any CPU.Build.0 = Release|Any CPU
		{E4798C03-4C1B-4165-AF5A-FC065DC62CB1}.Debug|Any CPU.ActiveCfg = Debug
		{E4798C03-4C1B-4165-AF5A-FC065DC62CB1}.Release|Any CPU.ActiveCfg = Release
	EndGlobalSection
	GlobalSection(SolutionProperties) = preSolution
		HideSolutionNode = FALSE
	EndGlobalSection
	GlobalSection(ExtensibilityGlobals) = postSolution
		SolutionGuid = {189BD705-37C7-4F93-B18C-DD70876F0B2B}
	EndGlobalSection
EndGlobal
